// !$*UTF8*$!
{
	archiveVersion = 1;
	classes = {
	};
	objectVersion = 56;
	objects = {

/* Begin PBXBuildFile section */
		DC5300732A07ABCC00B4F065 /* FileHelper.swift in Sources */ = {isa = PBXBuildFile; fileRef = DC5300702A07ABCC00B4F065 /* FileHelper.swift */; };
		DC5300742A07ABCC00B4F065 /* Sample.swift in Sources */ = {isa = PBXBuildFile; fileRef = DC5300712A07ABCC00B4F065 /* Sample.swift */; };
		DC5300752A07ABCC00B4F065 /* Helpers.swift in Sources */ = {isa = PBXBuildFile; fileRef = DC5300722A07ABCC00B4F065 /* Helpers.swift */; };
		DC6927F82A088F3A003C1297 /* PokemonList.swift in Sources */ = {isa = PBXBuildFile; fileRef = DC6927F72A088F3A003C1297 /* PokemonList.swift */; };
		DC6927FA2A089775003C1297 /* PokemonInfoPanel.swift in Sources */ = {isa = PBXBuildFile; fileRef = DC6927F92A089775003C1297 /* PokemonInfoPanel.swift */; };
		DC6927FC2A089905003C1297 /* PokemonPanelHeader.swift in Sources */ = {isa = PBXBuildFile; fileRef = DC6927FB2A089905003C1297 /* PokemonPanelHeader.swift */; };
		DC693A1E2A0A36A3003C1297 /* PokemonInfoPanelAbilityList.swift in Sources */ = {isa = PBXBuildFile; fileRef = DC693A1D2A0A36A3003C1297 /* PokemonInfoPanelAbilityList.swift */; };
		DC693A202A0A4B6B003C1297 /* BlurView.swift in Sources */ = {isa = PBXBuildFile; fileRef = DC693A1F2A0A4B6B003C1297 /* BlurView.swift */; };
		DCCF3E692A01EBB10073249F /* PockeMasterApp.swift in Sources */ = {isa = PBXBuildFile; fileRef = DCCF3E682A01EBB10073249F /* PockeMasterApp.swift */; };
		DCCF3E6B2A01EBB10073249F /* ContentView.swift in Sources */ = {isa = PBXBuildFile; fileRef = DCCF3E6A2A01EBB10073249F /* ContentView.swift */; };
		DCCF3E6D2A01EBB20073249F /* Assets.xcassets in Resources */ = {isa = PBXBuildFile; fileRef = DCCF3E6C2A01EBB20073249F /* Assets.xcassets */; };
		DCCF3E702A01EBB20073249F /* Preview Assets.xcassets in Resources */ = {isa = PBXBuildFile; fileRef = DCCF3E6F2A01EBB20073249F /* Preview Assets.xcassets */; };
		DCCF3E7A2A01EBB20073249F /* PockeMasterTests.swift in Sources */ = {isa = PBXBuildFile; fileRef = DCCF3E792A01EBB20073249F /* PockeMasterTests.swift */; };
		DCCF3E842A01EBB20073249F /* PockeMasterUITests.swift in Sources */ = {isa = PBXBuildFile; fileRef = DCCF3E832A01EBB20073249F /* PockeMasterUITests.swift */; };
		DCCF3E862A01EBB20073249F /* PockeMasterUITestsLaunchTests.swift in Sources */ = {isa = PBXBuildFile; fileRef = DCCF3E852A01EBB20073249F /* PockeMasterUITestsLaunchTests.swift */; };
		DCCF3ED42A01EBF60073249F /* pokemon-7.json in Resources */ = {isa = PBXBuildFile; fileRef = DCCF3E942A01EBF60073249F /* pokemon-7.json */; };
		DCCF3ED52A01EBF60073249F /* pokemon-14.json in Resources */ = {isa = PBXBuildFile; fileRef = DCCF3E952A01EBF60073249F /* pokemon-14.json */; };
		DCCF3ED62A01EBF60073249F /* pokemon-22.json in Resources */ = {isa = PBXBuildFile; fileRef = DCCF3E962A01EBF60073249F /* pokemon-22.json */; };
		DCCF3ED72A01EBF60073249F /* pokemon-18.json in Resources */ = {isa = PBXBuildFile; fileRef = DCCF3E972A01EBF60073249F /* pokemon-18.json */; };
		DCCF3ED82A01EBF60073249F /* pokemon-19.json in Resources */ = {isa = PBXBuildFile; fileRef = DCCF3E982A01EBF60073249F /* pokemon-19.json */; };
		DCCF3ED92A01EBF60073249F /* pokemon-23.json in Resources */ = {isa = PBXBuildFile; fileRef = DCCF3E992A01EBF60073249F /* pokemon-23.json */; };
		DCCF3EDA2A01EBF60073249F /* pokemon-15.json in Resources */ = {isa = PBXBuildFile; fileRef = DCCF3E9A2A01EBF60073249F /* pokemon-15.json */; };
		DCCF3EDB2A01EBF60073249F /* pokemon-6.json in Resources */ = {isa = PBXBuildFile; fileRef = DCCF3E9B2A01EBF60073249F /* pokemon-6.json */; };
		DCCF3EDC2A01EBF60073249F /* pokemon-24.json in Resources */ = {isa = PBXBuildFile; fileRef = DCCF3E9C2A01EBF60073249F /* pokemon-24.json */; };
		DCCF3EDD2A01EBF60073249F /* pokemon-28.json in Resources */ = {isa = PBXBuildFile; fileRef = DCCF3E9D2A01EBF60073249F /* pokemon-28.json */; };
		DCCF3EDE2A01EBF60073249F /* pokemon-1.json in Resources */ = {isa = PBXBuildFile; fileRef = DCCF3E9E2A01EBF60073249F /* pokemon-1.json */; };
		DCCF3EDF2A01EBF60073249F /* pokemon-12.json in Resources */ = {isa = PBXBuildFile; fileRef = DCCF3E9F2A01EBF60073249F /* pokemon-12.json */; };
		DCCF3EE02A01EBF60073249F /* pokemon-13.json in Resources */ = {isa = PBXBuildFile; fileRef = DCCF3EA02A01EBF60073249F /* pokemon-13.json */; };
		DCCF3EE12A01EBF60073249F /* pokemon-29.json in Resources */ = {isa = PBXBuildFile; fileRef = DCCF3EA12A01EBF60073249F /* pokemon-29.json */; };
		DCCF3EE22A01EBF60073249F /* pokemon-25.json in Resources */ = {isa = PBXBuildFile; fileRef = DCCF3EA22A01EBF60073249F /* pokemon-25.json */; };
		DCCF3EE32A01EBF60073249F /* pokemon-26.json in Resources */ = {isa = PBXBuildFile; fileRef = DCCF3EA32A01EBF60073249F /* pokemon-26.json */; };
		DCCF3EE42A01EBF60073249F /* pokemon-30.json in Resources */ = {isa = PBXBuildFile; fileRef = DCCF3EA42A01EBF60073249F /* pokemon-30.json */; };
		DCCF3EE52A01EBF60073249F /* pokemon-10.json in Resources */ = {isa = PBXBuildFile; fileRef = DCCF3EA52A01EBF60073249F /* pokemon-10.json */; };
		DCCF3EE62A01EBF60073249F /* pokemon-3.json in Resources */ = {isa = PBXBuildFile; fileRef = DCCF3EA62A01EBF60073249F /* pokemon-3.json */; };
		DCCF3EE72A01EBF60073249F /* pokemon-2.json in Resources */ = {isa = PBXBuildFile; fileRef = DCCF3EA72A01EBF60073249F /* pokemon-2.json */; };
		DCCF3EE82A01EBF60073249F /* pokemon-11.json in Resources */ = {isa = PBXBuildFile; fileRef = DCCF3EA82A01EBF60073249F /* pokemon-11.json */; };
		DCCF3EE92A01EBF60073249F /* pokemon-27.json in Resources */ = {isa = PBXBuildFile; fileRef = DCCF3EA92A01EBF60073249F /* pokemon-27.json */; };
		DCCF3EEA2A01EBF60073249F /* pokemon-16.json in Resources */ = {isa = PBXBuildFile; fileRef = DCCF3EAA2A01EBF60073249F /* pokemon-16.json */; };
		DCCF3EEB2A01EBF60073249F /* pokemon-5.json in Resources */ = {isa = PBXBuildFile; fileRef = DCCF3EAB2A01EBF60073249F /* pokemon-5.json */; };
		DCCF3EEC2A01EBF60073249F /* pokemon-9.json in Resources */ = {isa = PBXBuildFile; fileRef = DCCF3EAC2A01EBF60073249F /* pokemon-9.json */; };
		DCCF3EED2A01EBF60073249F /* pokemon-20.json in Resources */ = {isa = PBXBuildFile; fileRef = DCCF3EAD2A01EBF60073249F /* pokemon-20.json */; };
		DCCF3EEE2A01EBF60073249F /* pokemon-21.json in Resources */ = {isa = PBXBuildFile; fileRef = DCCF3EAE2A01EBF60073249F /* pokemon-21.json */; };
		DCCF3EEF2A01EBF60073249F /* pokemon-8.json in Resources */ = {isa = PBXBuildFile; fileRef = DCCF3EAF2A01EBF60073249F /* pokemon-8.json */; };
		DCCF3EF02A01EBF60073249F /* pokemon-4.json in Resources */ = {isa = PBXBuildFile; fileRef = DCCF3EB02A01EBF60073249F /* pokemon-4.json */; };
		DCCF3EF12A01EBF60073249F /* pokemon-17.json in Resources */ = {isa = PBXBuildFile; fileRef = DCCF3EB12A01EBF60073249F /* pokemon-17.json */; };
		DCCF3EF22A01EBF60073249F /* pokemon-species-11.json in Resources */ = {isa = PBXBuildFile; fileRef = DCCF3EB32A01EBF60073249F /* pokemon-species-11.json */; };
		DCCF3EF32A01EBF60073249F /* pokemon-species-7.json in Resources */ = {isa = PBXBuildFile; fileRef = DCCF3EB42A01EBF60073249F /* pokemon-species-7.json */; };
		DCCF3EF42A01EBF60073249F /* pokemon-species-27.json in Resources */ = {isa = PBXBuildFile; fileRef = DCCF3EB52A01EBF60073249F /* pokemon-species-27.json */; };
		DCCF3EF52A01EBF60073249F /* pokemon-species-30.json in Resources */ = {isa = PBXBuildFile; fileRef = DCCF3EB62A01EBF60073249F /* pokemon-species-30.json */; };
		DCCF3EF62A01EBF60073249F /* pokemon-species-26.json in Resources */ = {isa = PBXBuildFile; fileRef = DCCF3EB72A01EBF60073249F /* pokemon-species-26.json */; };
		DCCF3EF72A01EBF60073249F /* pokemon-species-6.json in Resources */ = {isa = PBXBuildFile; fileRef = DCCF3EB82A01EBF60073249F /* pokemon-species-6.json */; };
		DCCF3EF82A01EBF60073249F /* pokemon-species-10.json in Resources */ = {isa = PBXBuildFile; fileRef = DCCF3EB92A01EBF60073249F /* pokemon-species-10.json */; };
		DCCF3EF92A01EBF60073249F /* pokemon-species-21.json in Resources */ = {isa = PBXBuildFile; fileRef = DCCF3EBA2A01EBF60073249F /* pokemon-species-21.json */; };
		DCCF3EFA2A01EBF60073249F /* pokemon-species-17.json in Resources */ = {isa = PBXBuildFile; fileRef = DCCF3EBB2A01EBF60073249F /* pokemon-species-17.json */; };
		DCCF3EFB2A01EBF60073249F /* pokemon-species-1.json in Resources */ = {isa = PBXBuildFile; fileRef = DCCF3EBC2A01EBF60073249F /* pokemon-species-1.json */; };
		DCCF3EFC2A01EBF60073249F /* pokemon-species-16.json in Resources */ = {isa = PBXBuildFile; fileRef = DCCF3EBD2A01EBF60073249F /* pokemon-species-16.json */; };
		DCCF3EFD2A01EBF60073249F /* pokemon-species-20.json in Resources */ = {isa = PBXBuildFile; fileRef = DCCF3EBE2A01EBF60073249F /* pokemon-species-20.json */; };
		DCCF3EFE2A01EBF60073249F /* pokemon-species-23.json in Resources */ = {isa = PBXBuildFile; fileRef = DCCF3EBF2A01EBF60073249F /* pokemon-species-23.json */; };
		DCCF3EFF2A01EBF60073249F /* pokemon-species-19.json in Resources */ = {isa = PBXBuildFile; fileRef = DCCF3EC02A01EBF60073249F /* pokemon-species-19.json */; };
		DCCF3F002A01EBF60073249F /* pokemon-species-3.json in Resources */ = {isa = PBXBuildFile; fileRef = DCCF3EC12A01EBF60073249F /* pokemon-species-3.json */; };
		DCCF3F012A01EBF60073249F /* pokemon-species-15.json in Resources */ = {isa = PBXBuildFile; fileRef = DCCF3EC22A01EBF60073249F /* pokemon-species-15.json */; };
		DCCF3F022A01EBF60073249F /* pokemon-species-14.json in Resources */ = {isa = PBXBuildFile; fileRef = DCCF3EC32A01EBF60073249F /* pokemon-species-14.json */; };
		DCCF3F032A01EBF60073249F /* pokemon-species-2.json in Resources */ = {isa = PBXBuildFile; fileRef = DCCF3EC42A01EBF60073249F /* pokemon-species-2.json */; };
		DCCF3F042A01EBF60073249F /* pokemon-species-18.json in Resources */ = {isa = PBXBuildFile; fileRef = DCCF3EC52A01EBF60073249F /* pokemon-species-18.json */; };
		DCCF3F052A01EBF60073249F /* pokemon-species-22.json in Resources */ = {isa = PBXBuildFile; fileRef = DCCF3EC62A01EBF60073249F /* pokemon-species-22.json */; };
		DCCF3F062A01EBF60073249F /* pokemon-species-5.json in Resources */ = {isa = PBXBuildFile; fileRef = DCCF3EC72A01EBF60073249F /* pokemon-species-5.json */; };
		DCCF3F072A01EBF60073249F /* pokemon-species-29.json in Resources */ = {isa = PBXBuildFile; fileRef = DCCF3EC82A01EBF60073249F /* pokemon-species-29.json */; };
		DCCF3F082A01EBF60073249F /* pokemon-species-13.json in Resources */ = {isa = PBXBuildFile; fileRef = DCCF3EC92A01EBF60073249F /* pokemon-species-13.json */; };
		DCCF3F092A01EBF60073249F /* pokemon-species-9.json in Resources */ = {isa = PBXBuildFile; fileRef = DCCF3ECA2A01EBF60073249F /* pokemon-species-9.json */; };
		DCCF3F0A2A01EBF60073249F /* pokemon-species-25.json in Resources */ = {isa = PBXBuildFile; fileRef = DCCF3ECB2A01EBF60073249F /* pokemon-species-25.json */; };
		DCCF3F0B2A01EBF60073249F /* pokemon-species-24.json in Resources */ = {isa = PBXBuildFile; fileRef = DCCF3ECC2A01EBF60073249F /* pokemon-species-24.json */; };
		DCCF3F0C2A01EBF60073249F /* pokemon-species-8.json in Resources */ = {isa = PBXBuildFile; fileRef = DCCF3ECD2A01EBF60073249F /* pokemon-species-8.json */; };
		DCCF3F0D2A01EBF60073249F /* pokemon-species-12.json in Resources */ = {isa = PBXBuildFile; fileRef = DCCF3ECE2A01EBF60073249F /* pokemon-species-12.json */; };
		DCCF3F0E2A01EBF60073249F /* pokemon-species-28.json in Resources */ = {isa = PBXBuildFile; fileRef = DCCF3ECF2A01EBF60073249F /* pokemon-species-28.json */; };
		DCCF3F0F2A01EBF60073249F /* pokemon-species-4.json in Resources */ = {isa = PBXBuildFile; fileRef = DCCF3ED02A01EBF60073249F /* pokemon-species-4.json */; };
		DCCF3F102A01EBF60073249F /* ability-34.json in Resources */ = {isa = PBXBuildFile; fileRef = DCCF3ED22A01EBF60073249F /* ability-34.json */; };
		DCCF3F112A01EBF60073249F /* ability-65.json in Resources */ = {isa = PBXBuildFile; fileRef = DCCF3ED32A01EBF60073249F /* ability-65.json */; };
		DCCF3F192A01EE790073249F /* PokemonSpecies.swift in Sources */ = {isa = PBXBuildFile; fileRef = DCCF3F152A01EE790073249F /* PokemonSpecies.swift */; };
		DCCF3F1A2A01EE790073249F /* Language.swift in Sources */ = {isa = PBXBuildFile; fileRef = DCCF3F162A01EE790073249F /* Language.swift */; };
		DCCF3F1B2A01EE790073249F /* Pokemon.swift in Sources */ = {isa = PBXBuildFile; fileRef = DCCF3F172A01EE790073249F /* Pokemon.swift */; };
		DCCF3F1C2A01EE790073249F /* Ability.swift in Sources */ = {isa = PBXBuildFile; fileRef = DCCF3F182A01EE790073249F /* Ability.swift */; };
		DCCF3F1E2A03434B0073249F /* PokemonInfoRow.swift in Sources */ = {isa = PBXBuildFile; fileRef = DCCF3F1D2A03434B0073249F /* PokemonInfoRow.swift */; };
		DCCF3F212A0343BB0073249F /* PokemonViewModel.swift in Sources */ = {isa = PBXBuildFile; fileRef = DCCF3F1F2A0343BB0073249F /* PokemonViewModel.swift */; };
		DCCF3F222A0343BB0073249F /* AbilityViewModel.swift in Sources */ = {isa = PBXBuildFile; fileRef = DCCF3F202A0343BB0073249F /* AbilityViewModel.swift */; };
/* End PBXBuildFile section */

/* Begin PBXContainerItemProxy section */
		DCCF3E762A01EBB20073249F /* PBXContainerItemProxy */ = {
			isa = PBXContainerItemProxy;
			containerPortal = DCCF3E5D2A01EBB10073249F /* Project object */;
			proxyType = 1;
			remoteGlobalIDString = DCCF3E642A01EBB10073249F;
			remoteInfo = PockeMaster;
		};
		DCCF3E802A01EBB20073249F /* PBXContainerItemProxy */ = {
			isa = PBXContainerItemProxy;
			containerPortal = DCCF3E5D2A01EBB10073249F /* Project object */;
			proxyType = 1;
			remoteGlobalIDString = DCCF3E642A01EBB10073249F;
			remoteInfo = PockeMaster;
		};
/* End PBXContainerItemProxy section */

/* Begin PBXFileReference section */
		DC5300702A07ABCC00B4F065 /* FileHelper.swift */ = {isa = PBXFileReference; fileEncoding = 4; lastKnownFileType = sourcecode.swift; path = FileHelper.swift; sourceTree = "<group>"; };
		DC5300712A07ABCC00B4F065 /* Sample.swift */ = {isa = PBXFileReference; fileEncoding = 4; lastKnownFileType = sourcecode.swift; path = Sample.swift; sourceTree = "<group>"; };
		DC5300722A07ABCC00B4F065 /* Helpers.swift */ = {isa = PBXFileReference; fileEncoding = 4; lastKnownFileType = sourcecode.swift; path = Helpers.swift; sourceTree = "<group>"; };
		DC6927F72A088F3A003C1297 /* PokemonList.swift */ = {isa = PBXFileReference; lastKnownFileType = sourcecode.swift; path = PokemonList.swift; sourceTree = "<group>"; };
		DC6927F92A089775003C1297 /* PokemonInfoPanel.swift */ = {isa = PBXFileReference; lastKnownFileType = sourcecode.swift; path = PokemonInfoPanel.swift; sourceTree = "<group>"; };
		DC6927FB2A089905003C1297 /* PokemonPanelHeader.swift */ = {isa = PBXFileReference; lastKnownFileType = sourcecode.swift; path = PokemonPanelHeader.swift; sourceTree = "<group>"; };
		DC693A1D2A0A36A3003C1297 /* PokemonInfoPanelAbilityList.swift */ = {isa = PBXFileReference; lastKnownFileType = sourcecode.swift; path = PokemonInfoPanelAbilityList.swift; sourceTree = "<group>"; };
		DC693A1F2A0A4B6B003C1297 /* BlurView.swift */ = {isa = PBXFileReference; lastKnownFileType = sourcecode.swift; path = BlurView.swift; sourceTree = "<group>"; };
		DCCF3E652A01EBB10073249F /* PockeMaster.app */ = {isa = PBXFileReference; explicitFileType = wrapper.application; includeInIndex = 0; path = PockeMaster.app; sourceTree = BUILT_PRODUCTS_DIR; };
		DCCF3E682A01EBB10073249F /* PockeMasterApp.swift */ = {isa = PBXFileReference; lastKnownFileType = sourcecode.swift; path = PockeMasterApp.swift; sourceTree = "<group>"; };
		DCCF3E6A2A01EBB10073249F /* ContentView.swift */ = {isa = PBXFileReference; lastKnownFileType = sourcecode.swift; path = ContentView.swift; sourceTree = "<group>"; };
		DCCF3E6C2A01EBB20073249F /* Assets.xcassets */ = {isa = PBXFileReference; lastKnownFileType = folder.assetcatalog; path = Assets.xcassets; sourceTree = "<group>"; };
		DCCF3E6F2A01EBB20073249F /* Preview Assets.xcassets */ = {isa = PBXFileReference; lastKnownFileType = folder.assetcatalog; path = "Preview Assets.xcassets"; sourceTree = "<group>"; };
		DCCF3E752A01EBB20073249F /* PockeMasterTests.xctest */ = {isa = PBXFileReference; explicitFileType = wrapper.cfbundle; includeInIndex = 0; path = PockeMasterTests.xctest; sourceTree = BUILT_PRODUCTS_DIR; };
		DCCF3E792A01EBB20073249F /* PockeMasterTests.swift */ = {isa = PBXFileReference; lastKnownFileType = sourcecode.swift; path = PockeMasterTests.swift; sourceTree = "<group>"; };
		DCCF3E7F2A01EBB20073249F /* PockeMasterUITests.xctest */ = {isa = PBXFileReference; explicitFileType = wrapper.cfbundle; includeInIndex = 0; path = PockeMasterUITests.xctest; sourceTree = BUILT_PRODUCTS_DIR; };
		DCCF3E832A01EBB20073249F /* PockeMasterUITests.swift */ = {isa = PBXFileReference; lastKnownFileType = sourcecode.swift; path = PockeMasterUITests.swift; sourceTree = "<group>"; };
		DCCF3E852A01EBB20073249F /* PockeMasterUITestsLaunchTests.swift */ = {isa = PBXFileReference; lastKnownFileType = sourcecode.swift; path = PockeMasterUITestsLaunchTests.swift; sourceTree = "<group>"; };
		DCCF3E942A01EBF60073249F /* pokemon-7.json */ = {isa = PBXFileReference; fileEncoding = 4; lastKnownFileType = text.json; path = "pokemon-7.json"; sourceTree = "<group>"; };
		DCCF3E952A01EBF60073249F /* pokemon-14.json */ = {isa = PBXFileReference; fileEncoding = 4; lastKnownFileType = text.json; path = "pokemon-14.json"; sourceTree = "<group>"; };
		DCCF3E962A01EBF60073249F /* pokemon-22.json */ = {isa = PBXFileReference; fileEncoding = 4; lastKnownFileType = text.json; path = "pokemon-22.json"; sourceTree = "<group>"; };
		DCCF3E972A01EBF60073249F /* pokemon-18.json */ = {isa = PBXFileReference; fileEncoding = 4; lastKnownFileType = text.json; path = "pokemon-18.json"; sourceTree = "<group>"; };
		DCCF3E982A01EBF60073249F /* pokemon-19.json */ = {isa = PBXFileReference; fileEncoding = 4; lastKnownFileType = text.json; path = "pokemon-19.json"; sourceTree = "<group>"; };
		DCCF3E992A01EBF60073249F /* pokemon-23.json */ = {isa = PBXFileReference; fileEncoding = 4; lastKnownFileType = text.json; path = "pokemon-23.json"; sourceTree = "<group>"; };
		DCCF3E9A2A01EBF60073249F /* pokemon-15.json */ = {isa = PBXFileReference; fileEncoding = 4; lastKnownFileType = text.json; path = "pokemon-15.json"; sourceTree = "<group>"; };
		DCCF3E9B2A01EBF60073249F /* pokemon-6.json */ = {isa = PBXFileReference; fileEncoding = 4; lastKnownFileType = text.json; path = "pokemon-6.json"; sourceTree = "<group>"; };
		DCCF3E9C2A01EBF60073249F /* pokemon-24.json */ = {isa = PBXFileReference; fileEncoding = 4; lastKnownFileType = text.json; path = "pokemon-24.json"; sourceTree = "<group>"; };
		DCCF3E9D2A01EBF60073249F /* pokemon-28.json */ = {isa = PBXFileReference; fileEncoding = 4; lastKnownFileType = text.json; path = "pokemon-28.json"; sourceTree = "<group>"; };
		DCCF3E9E2A01EBF60073249F /* pokemon-1.json */ = {isa = PBXFileReference; fileEncoding = 4; lastKnownFileType = text.json; path = "pokemon-1.json"; sourceTree = "<group>"; };
		DCCF3E9F2A01EBF60073249F /* pokemon-12.json */ = {isa = PBXFileReference; fileEncoding = 4; lastKnownFileType = text.json; path = "pokemon-12.json"; sourceTree = "<group>"; };
		DCCF3EA02A01EBF60073249F /* pokemon-13.json */ = {isa = PBXFileReference; fileEncoding = 4; lastKnownFileType = text.json; path = "pokemon-13.json"; sourceTree = "<group>"; };
		DCCF3EA12A01EBF60073249F /* pokemon-29.json */ = {isa = PBXFileReference; fileEncoding = 4; lastKnownFileType = text.json; path = "pokemon-29.json"; sourceTree = "<group>"; };
		DCCF3EA22A01EBF60073249F /* pokemon-25.json */ = {isa = PBXFileReference; fileEncoding = 4; lastKnownFileType = text.json; path = "pokemon-25.json"; sourceTree = "<group>"; };
		DCCF3EA32A01EBF60073249F /* pokemon-26.json */ = {isa = PBXFileReference; fileEncoding = 4; lastKnownFileType = text.json; path = "pokemon-26.json"; sourceTree = "<group>"; };
		DCCF3EA42A01EBF60073249F /* pokemon-30.json */ = {isa = PBXFileReference; fileEncoding = 4; lastKnownFileType = text.json; path = "pokemon-30.json"; sourceTree = "<group>"; };
		DCCF3EA52A01EBF60073249F /* pokemon-10.json */ = {isa = PBXFileReference; fileEncoding = 4; lastKnownFileType = text.json; path = "pokemon-10.json"; sourceTree = "<group>"; };
		DCCF3EA62A01EBF60073249F /* pokemon-3.json */ = {isa = PBXFileReference; fileEncoding = 4; lastKnownFileType = text.json; path = "pokemon-3.json"; sourceTree = "<group>"; };
		DCCF3EA72A01EBF60073249F /* pokemon-2.json */ = {isa = PBXFileReference; fileEncoding = 4; lastKnownFileType = text.json; path = "pokemon-2.json"; sourceTree = "<group>"; };
		DCCF3EA82A01EBF60073249F /* pokemon-11.json */ = {isa = PBXFileReference; fileEncoding = 4; lastKnownFileType = text.json; path = "pokemon-11.json"; sourceTree = "<group>"; };
		DCCF3EA92A01EBF60073249F /* pokemon-27.json */ = {isa = PBXFileReference; fileEncoding = 4; lastKnownFileType = text.json; path = "pokemon-27.json"; sourceTree = "<group>"; };
		DCCF3EAA2A01EBF60073249F /* pokemon-16.json */ = {isa = PBXFileReference; fileEncoding = 4; lastKnownFileType = text.json; path = "pokemon-16.json"; sourceTree = "<group>"; };
		DCCF3EAB2A01EBF60073249F /* pokemon-5.json */ = {isa = PBXFileReference; fileEncoding = 4; lastKnownFileType = text.json; path = "pokemon-5.json"; sourceTree = "<group>"; };
		DCCF3EAC2A01EBF60073249F /* pokemon-9.json */ = {isa = PBXFileReference; fileEncoding = 4; lastKnownFileType = text.json; path = "pokemon-9.json"; sourceTree = "<group>"; };
		DCCF3EAD2A01EBF60073249F /* pokemon-20.json */ = {isa = PBXFileReference; fileEncoding = 4; lastKnownFileType = text.json; path = "pokemon-20.json"; sourceTree = "<group>"; };
		DCCF3EAE2A01EBF60073249F /* pokemon-21.json */ = {isa = PBXFileReference; fileEncoding = 4; lastKnownFileType = text.json; path = "pokemon-21.json"; sourceTree = "<group>"; };
		DCCF3EAF2A01EBF60073249F /* pokemon-8.json */ = {isa = PBXFileReference; fileEncoding = 4; lastKnownFileType = text.json; path = "pokemon-8.json"; sourceTree = "<group>"; };
		DCCF3EB02A01EBF60073249F /* pokemon-4.json */ = {isa = PBXFileReference; fileEncoding = 4; lastKnownFileType = text.json; path = "pokemon-4.json"; sourceTree = "<group>"; };
		DCCF3EB12A01EBF60073249F /* pokemon-17.json */ = {isa = PBXFileReference; fileEncoding = 4; lastKnownFileType = text.json; path = "pokemon-17.json"; sourceTree = "<group>"; };
		DCCF3EB32A01EBF60073249F /* pokemon-species-11.json */ = {isa = PBXFileReference; fileEncoding = 4; lastKnownFileType = text.json; path = "pokemon-species-11.json"; sourceTree = "<group>"; };
		DCCF3EB42A01EBF60073249F /* pokemon-species-7.json */ = {isa = PBXFileReference; fileEncoding = 4; lastKnownFileType = text.json; path = "pokemon-species-7.json"; sourceTree = "<group>"; };
		DCCF3EB52A01EBF60073249F /* pokemon-species-27.json */ = {isa = PBXFileReference; fileEncoding = 4; lastKnownFileType = text.json; path = "pokemon-species-27.json"; sourceTree = "<group>"; };
		DCCF3EB62A01EBF60073249F /* pokemon-species-30.json */ = {isa = PBXFileReference; fileEncoding = 4; lastKnownFileType = text.json; path = "pokemon-species-30.json"; sourceTree = "<group>"; };
		DCCF3EB72A01EBF60073249F /* pokemon-species-26.json */ = {isa = PBXFileReference; fileEncoding = 4; lastKnownFileType = text.json; path = "pokemon-species-26.json"; sourceTree = "<group>"; };
		DCCF3EB82A01EBF60073249F /* pokemon-species-6.json */ = {isa = PBXFileReference; fileEncoding = 4; lastKnownFileType = text.json; path = "pokemon-species-6.json"; sourceTree = "<group>"; };
		DCCF3EB92A01EBF60073249F /* pokemon-species-10.json */ = {isa = PBXFileReference; fileEncoding = 4; lastKnownFileType = text.json; path = "pokemon-species-10.json"; sourceTree = "<group>"; };
		DCCF3EBA2A01EBF60073249F /* pokemon-species-21.json */ = {isa = PBXFileReference; fileEncoding = 4; lastKnownFileType = text.json; path = "pokemon-species-21.json"; sourceTree = "<group>"; };
		DCCF3EBB2A01EBF60073249F /* pokemon-species-17.json */ = {isa = PBXFileReference; fileEncoding = 4; lastKnownFileType = text.json; path = "pokemon-species-17.json"; sourceTree = "<group>"; };
		DCCF3EBC2A01EBF60073249F /* pokemon-species-1.json */ = {isa = PBXFileReference; fileEncoding = 4; lastKnownFileType = text.json; path = "pokemon-species-1.json"; sourceTree = "<group>"; };
		DCCF3EBD2A01EBF60073249F /* pokemon-species-16.json */ = {isa = PBXFileReference; fileEncoding = 4; lastKnownFileType = text.json; path = "pokemon-species-16.json"; sourceTree = "<group>"; };
		DCCF3EBE2A01EBF60073249F /* pokemon-species-20.json */ = {isa = PBXFileReference; fileEncoding = 4; lastKnownFileType = text.json; path = "pokemon-species-20.json"; sourceTree = "<group>"; };
		DCCF3EBF2A01EBF60073249F /* pokemon-species-23.json */ = {isa = PBXFileReference; fileEncoding = 4; lastKnownFileType = text.json; path = "pokemon-species-23.json"; sourceTree = "<group>"; };
		DCCF3EC02A01EBF60073249F /* pokemon-species-19.json */ = {isa = PBXFileReference; fileEncoding = 4; lastKnownFileType = text.json; path = "pokemon-species-19.json"; sourceTree = "<group>"; };
		DCCF3EC12A01EBF60073249F /* pokemon-species-3.json */ = {isa = PBXFileReference; fileEncoding = 4; lastKnownFileType = text.json; path = "pokemon-species-3.json"; sourceTree = "<group>"; };
		DCCF3EC22A01EBF60073249F /* pokemon-species-15.json */ = {isa = PBXFileReference; fileEncoding = 4; lastKnownFileType = text.json; path = "pokemon-species-15.json"; sourceTree = "<group>"; };
		DCCF3EC32A01EBF60073249F /* pokemon-species-14.json */ = {isa = PBXFileReference; fileEncoding = 4; lastKnownFileType = text.json; path = "pokemon-species-14.json"; sourceTree = "<group>"; };
		DCCF3EC42A01EBF60073249F /* pokemon-species-2.json */ = {isa = PBXFileReference; fileEncoding = 4; lastKnownFileType = text.json; path = "pokemon-species-2.json"; sourceTree = "<group>"; };
		DCCF3EC52A01EBF60073249F /* pokemon-species-18.json */ = {isa = PBXFileReference; fileEncoding = 4; lastKnownFileType = text.json; path = "pokemon-species-18.json"; sourceTree = "<group>"; };
		DCCF3EC62A01EBF60073249F /* pokemon-species-22.json */ = {isa = PBXFileReference; fileEncoding = 4; lastKnownFileType = text.json; path = "pokemon-species-22.json"; sourceTree = "<group>"; };
		DCCF3EC72A01EBF60073249F /* pokemon-species-5.json */ = {isa = PBXFileReference; fileEncoding = 4; lastKnownFileType = text.json; path = "pokemon-species-5.json"; sourceTree = "<group>"; };
		DCCF3EC82A01EBF60073249F /* pokemon-species-29.json */ = {isa = PBXFileReference; fileEncoding = 4; lastKnownFileType = text.json; path = "pokemon-species-29.json"; sourceTree = "<group>"; };
		DCCF3EC92A01EBF60073249F /* pokemon-species-13.json */ = {isa = PBXFileReference; fileEncoding = 4; lastKnownFileType = text.json; path = "pokemon-species-13.json"; sourceTree = "<group>"; };
		DCCF3ECA2A01EBF60073249F /* pokemon-species-9.json */ = {isa = PBXFileReference; fileEncoding = 4; lastKnownFileType = text.json; path = "pokemon-species-9.json"; sourceTree = "<group>"; };
		DCCF3ECB2A01EBF60073249F /* pokemon-species-25.json */ = {isa = PBXFileReference; fileEncoding = 4; lastKnownFileType = text.json; path = "pokemon-species-25.json"; sourceTree = "<group>"; };
		DCCF3ECC2A01EBF60073249F /* pokemon-species-24.json */ = {isa = PBXFileReference; fileEncoding = 4; lastKnownFileType = text.json; path = "pokemon-species-24.json"; sourceTree = "<group>"; };
		DCCF3ECD2A01EBF60073249F /* pokemon-species-8.json */ = {isa = PBXFileReference; fileEncoding = 4; lastKnownFileType = text.json; path = "pokemon-species-8.json"; sourceTree = "<group>"; };
		DCCF3ECE2A01EBF60073249F /* pokemon-species-12.json */ = {isa = PBXFileReference; fileEncoding = 4; lastKnownFileType = text.json; path = "pokemon-species-12.json"; sourceTree = "<group>"; };
		DCCF3ECF2A01EBF60073249F /* pokemon-species-28.json */ = {isa = PBXFileReference; fileEncoding = 4; lastKnownFileType = text.json; path = "pokemon-species-28.json"; sourceTree = "<group>"; };
		DCCF3ED02A01EBF60073249F /* pokemon-species-4.json */ = {isa = PBXFileReference; fileEncoding = 4; lastKnownFileType = text.json; path = "pokemon-species-4.json"; sourceTree = "<group>"; };
		DCCF3ED22A01EBF60073249F /* ability-34.json */ = {isa = PBXFileReference; fileEncoding = 4; lastKnownFileType = text.json; path = "ability-34.json"; sourceTree = "<group>"; };
		DCCF3ED32A01EBF60073249F /* ability-65.json */ = {isa = PBXFileReference; fileEncoding = 4; lastKnownFileType = text.json; path = "ability-65.json"; sourceTree = "<group>"; };
		DCCF3F152A01EE790073249F /* PokemonSpecies.swift */ = {isa = PBXFileReference; fileEncoding = 4; lastKnownFileType = sourcecode.swift; path = PokemonSpecies.swift; sourceTree = "<group>"; };
		DCCF3F162A01EE790073249F /* Language.swift */ = {isa = PBXFileReference; fileEncoding = 4; lastKnownFileType = sourcecode.swift; path = Language.swift; sourceTree = "<group>"; };
		DCCF3F172A01EE790073249F /* Pokemon.swift */ = {isa = PBXFileReference; fileEncoding = 4; lastKnownFileType = sourcecode.swift; path = Pokemon.swift; sourceTree = "<group>"; };
		DCCF3F182A01EE790073249F /* Ability.swift */ = {isa = PBXFileReference; fileEncoding = 4; lastKnownFileType = sourcecode.swift; path = Ability.swift; sourceTree = "<group>"; };
		DCCF3F1D2A03434B0073249F /* PokemonInfoRow.swift */ = {isa = PBXFileReference; lastKnownFileType = sourcecode.swift; path = PokemonInfoRow.swift; sourceTree = "<group>"; };
		DCCF3F1F2A0343BB0073249F /* PokemonViewModel.swift */ = {isa = PBXFileReference; fileEncoding = 4; lastKnownFileType = sourcecode.swift; path = PokemonViewModel.swift; sourceTree = "<group>"; };
		DCCF3F202A0343BB0073249F /* AbilityViewModel.swift */ = {isa = PBXFileReference; fileEncoding = 4; lastKnownFileType = sourcecode.swift; path = AbilityViewModel.swift; sourceTree = "<group>"; };
/* End PBXFileReference section */

/* Begin PBXFrameworksBuildPhase section */
		DCCF3E622A01EBB10073249F /* Frameworks */ = {
			isa = PBXFrameworksBuildPhase;
			buildActionMask = 2147483647;
			files = (
			);
			runOnlyForDeploymentPostprocessing = 0;
		};
		DCCF3E722A01EBB20073249F /* Frameworks */ = {
			isa = PBXFrameworksBuildPhase;
			buildActionMask = 2147483647;
			files = (
			);
			runOnlyForDeploymentPostprocessing = 0;
		};
		DCCF3E7C2A01EBB20073249F /* Frameworks */ = {
			isa = PBXFrameworksBuildPhase;
			buildActionMask = 2147483647;
			files = (
			);
			runOnlyForDeploymentPostprocessing = 0;
		};
/* End PBXFrameworksBuildPhase section */

/* Begin PBXGroup section */
		DC53006F2A07ABCC00B4F065 /* Utils */ = {
			isa = PBXGroup;
			children = (
				DC5300702A07ABCC00B4F065 /* FileHelper.swift */,
				DC5300712A07ABCC00B4F065 /* Sample.swift */,
				DC5300722A07ABCC00B4F065 /* Helpers.swift */,
			);
			path = Utils;
			sourceTree = "<group>";
		};
		DCCF3E5C2A01EBB10073249F = {
			isa = PBXGroup;
			children = (
				DCCF3E672A01EBB10073249F /* PockeMaster */,
				DCCF3E782A01EBB20073249F /* PockeMasterTests */,
				DCCF3E822A01EBB20073249F /* PockeMasterUITests */,
				DCCF3E662A01EBB10073249F /* Products */,
			);
			sourceTree = "<group>";
		};
		DCCF3E662A01EBB10073249F /* Products */ = {
			isa = PBXGroup;
			children = (
				DCCF3E652A01EBB10073249F /* PockeMaster.app */,
				DCCF3E752A01EBB20073249F /* PockeMasterTests.xctest */,
				DCCF3E7F2A01EBB20073249F /* PockeMasterUITests.xctest */,
			);
			name = Products;
			sourceTree = "<group>";
		};
		DCCF3E672A01EBB10073249F /* PockeMaster */ = {
			isa = PBXGroup;
			children = (
				DCCF3F122A01EE6A0073249F /* Model */,
				DCCF3E682A01EBB10073249F /* PockeMasterApp.swift */,
				DCCF3E6A2A01EBB10073249F /* ContentView.swift */,
				DCCF3F1D2A03434B0073249F /* PokemonInfoRow.swift */,
				DC6927F72A088F3A003C1297 /* PokemonList.swift */,
				DC6927F92A089775003C1297 /* PokemonInfoPanel.swift */,
				DC6927FB2A089905003C1297 /* PokemonPanelHeader.swift */,
				DC693A1D2A0A36A3003C1297 /* PokemonInfoPanelAbilityList.swift */,
				DC693A1F2A0A4B6B003C1297 /* BlurView.swift */,
				DC53006F2A07ABCC00B4F065 /* Utils */,
				DCCF3E922A01EBF60073249F /* JSON */,
				DCCF3E6C2A01EBB20073249F /* Assets.xcassets */,
				DCCF3E6E2A01EBB20073249F /* Preview Content */,
			);
			path = PockeMaster;
			sourceTree = "<group>";
		};
		DCCF3E6E2A01EBB20073249F /* Preview Content */ = {
			isa = PBXGroup;
			children = (
				DCCF3E6F2A01EBB20073249F /* Preview Assets.xcassets */,
			);
			path = "Preview Content";
			sourceTree = "<group>";
		};
		DCCF3E782A01EBB20073249F /* PockeMasterTests */ = {
			isa = PBXGroup;
			children = (
				DCCF3E792A01EBB20073249F /* PockeMasterTests.swift */,
			);
			path = PockeMasterTests;
			sourceTree = "<group>";
		};
		DCCF3E822A01EBB20073249F /* PockeMasterUITests */ = {
			isa = PBXGroup;
			children = (
				DCCF3E832A01EBB20073249F /* PockeMasterUITests.swift */,
				DCCF3E852A01EBB20073249F /* PockeMasterUITestsLaunchTests.swift */,
			);
			path = PockeMasterUITests;
			sourceTree = "<group>";
		};
		DCCF3E922A01EBF60073249F /* JSON */ = {
			isa = PBXGroup;
			children = (
				DCCF3E932A01EBF60073249F /* pokemon */,
				DCCF3EB22A01EBF60073249F /* species */,
				DCCF3ED12A01EBF60073249F /* abilities */,
			);
			path = JSON;
			sourceTree = "<group>";
		};
		DCCF3E932A01EBF60073249F /* pokemon */ = {
			isa = PBXGroup;
			children = (
				DCCF3E942A01EBF60073249F /* pokemon-7.json */,
				DCCF3E952A01EBF60073249F /* pokemon-14.json */,
				DCCF3E962A01EBF60073249F /* pokemon-22.json */,
				DCCF3E972A01EBF60073249F /* pokemon-18.json */,
				DCCF3E982A01EBF60073249F /* pokemon-19.json */,
				DCCF3E992A01EBF60073249F /* pokemon-23.json */,
				DCCF3E9A2A01EBF60073249F /* pokemon-15.json */,
				DCCF3E9B2A01EBF60073249F /* pokemon-6.json */,
				DCCF3E9C2A01EBF60073249F /* pokemon-24.json */,
				DCCF3E9D2A01EBF60073249F /* pokemon-28.json */,
				DCCF3E9E2A01EBF60073249F /* pokemon-1.json */,
				DCCF3E9F2A01EBF60073249F /* pokemon-12.json */,
				DCCF3EA02A01EBF60073249F /* pokemon-13.json */,
				DCCF3EA12A01EBF60073249F /* pokemon-29.json */,
				DCCF3EA22A01EBF60073249F /* pokemon-25.json */,
				DCCF3EA32A01EBF60073249F /* pokemon-26.json */,
				DCCF3EA42A01EBF60073249F /* pokemon-30.json */,
				DCCF3EA52A01EBF60073249F /* pokemon-10.json */,
				DCCF3EA62A01EBF60073249F /* pokemon-3.json */,
				DCCF3EA72A01EBF60073249F /* pokemon-2.json */,
				DCCF3EA82A01EBF60073249F /* pokemon-11.json */,
				DCCF3EA92A01EBF60073249F /* pokemon-27.json */,
				DCCF3EAA2A01EBF60073249F /* pokemon-16.json */,
				DCCF3EAB2A01EBF60073249F /* pokemon-5.json */,
				DCCF3EAC2A01EBF60073249F /* pokemon-9.json */,
				DCCF3EAD2A01EBF60073249F /* pokemon-20.json */,
				DCCF3EAE2A01EBF60073249F /* pokemon-21.json */,
				DCCF3EAF2A01EBF60073249F /* pokemon-8.json */,
				DCCF3EB02A01EBF60073249F /* pokemon-4.json */,
				DCCF3EB12A01EBF60073249F /* pokemon-17.json */,
			);
			path = pokemon;
			sourceTree = "<group>";
		};
		DCCF3EB22A01EBF60073249F /* species */ = {
			isa = PBXGroup;
			children = (
				DCCF3EB32A01EBF60073249F /* pokemon-species-11.json */,
				DCCF3EB42A01EBF60073249F /* pokemon-species-7.json */,
				DCCF3EB52A01EBF60073249F /* pokemon-species-27.json */,
				DCCF3EB62A01EBF60073249F /* pokemon-species-30.json */,
				DCCF3EB72A01EBF60073249F /* pokemon-species-26.json */,
				DCCF3EB82A01EBF60073249F /* pokemon-species-6.json */,
				DCCF3EB92A01EBF60073249F /* pokemon-species-10.json */,
				DCCF3EBA2A01EBF60073249F /* pokemon-species-21.json */,
				DCCF3EBB2A01EBF60073249F /* pokemon-species-17.json */,
				DCCF3EBC2A01EBF60073249F /* pokemon-species-1.json */,
				DCCF3EBD2A01EBF60073249F /* pokemon-species-16.json */,
				DCCF3EBE2A01EBF60073249F /* pokemon-species-20.json */,
				DCCF3EBF2A01EBF60073249F /* pokemon-species-23.json */,
				DCCF3EC02A01EBF60073249F /* pokemon-species-19.json */,
				DCCF3EC12A01EBF60073249F /* pokemon-species-3.json */,
				DCCF3EC22A01EBF60073249F /* pokemon-species-15.json */,
				DCCF3EC32A01EBF60073249F /* pokemon-species-14.json */,
				DCCF3EC42A01EBF60073249F /* pokemon-species-2.json */,
				DCCF3EC52A01EBF60073249F /* pokemon-species-18.json */,
				DCCF3EC62A01EBF60073249F /* pokemon-species-22.json */,
				DCCF3EC72A01EBF60073249F /* pokemon-species-5.json */,
				DCCF3EC82A01EBF60073249F /* pokemon-species-29.json */,
				DCCF3EC92A01EBF60073249F /* pokemon-species-13.json */,
				DCCF3ECA2A01EBF60073249F /* pokemon-species-9.json */,
				DCCF3ECB2A01EBF60073249F /* pokemon-species-25.json */,
				DCCF3ECC2A01EBF60073249F /* pokemon-species-24.json */,
				DCCF3ECD2A01EBF60073249F /* pokemon-species-8.json */,
				DCCF3ECE2A01EBF60073249F /* pokemon-species-12.json */,
				DCCF3ECF2A01EBF60073249F /* pokemon-species-28.json */,
				DCCF3ED02A01EBF60073249F /* pokemon-species-4.json */,
			);
			path = species;
			sourceTree = "<group>";
		};
		DCCF3ED12A01EBF60073249F /* abilities */ = {
			isa = PBXGroup;
			children = (
				DCCF3ED22A01EBF60073249F /* ability-34.json */,
				DCCF3ED32A01EBF60073249F /* ability-65.json */,
			);
			path = abilities;
			sourceTree = "<group>";
		};
		DCCF3F122A01EE6A0073249F /* Model */ = {
			isa = PBXGroup;
			children = (
				DCCF3F132A01EE6A0073249F /* ViewModel */,
				DCCF3F142A01EE6A0073249F /* DataModel */,
			);
			path = Model;
			sourceTree = "<group>";
		};
		DCCF3F132A01EE6A0073249F /* ViewModel */ = {
			isa = PBXGroup;
			children = (
				DCCF3F202A0343BB0073249F /* AbilityViewModel.swift */,
				DCCF3F1F2A0343BB0073249F /* PokemonViewModel.swift */,
			);
			path = ViewModel;
			sourceTree = "<group>";
		};
		DCCF3F142A01EE6A0073249F /* DataModel */ = {
			isa = PBXGroup;
			children = (
				DCCF3F182A01EE790073249F /* Ability.swift */,
				DCCF3F162A01EE790073249F /* Language.swift */,
				DCCF3F172A01EE790073249F /* Pokemon.swift */,
				DCCF3F152A01EE790073249F /* PokemonSpecies.swift */,
			);
			path = DataModel;
			sourceTree = "<group>";
		};
/* End PBXGroup section */

/* Begin PBXNativeTarget section */
		DCCF3E642A01EBB10073249F /* PockeMaster */ = {
			isa = PBXNativeTarget;
			buildConfigurationList = DCCF3E892A01EBB20073249F /* Build configuration list for PBXNativeTarget "PockeMaster" */;
			buildPhases = (
				DCCF3E612A01EBB10073249F /* Sources */,
				DCCF3E622A01EBB10073249F /* Frameworks */,
				DCCF3E632A01EBB10073249F /* Resources */,
			);
			buildRules = (
			);
			dependencies = (
			);
			name = PockeMaster;
			productName = PockeMaster;
			productReference = DCCF3E652A01EBB10073249F /* PockeMaster.app */;
			productType = "com.apple.product-type.application";
		};
		DCCF3E742A01EBB20073249F /* PockeMasterTests */ = {
			isa = PBXNativeTarget;
			buildConfigurationList = DCCF3E8C2A01EBB20073249F /* Build configuration list for PBXNativeTarget "PockeMasterTests" */;
			buildPhases = (
				DCCF3E712A01EBB20073249F /* Sources */,
				DCCF3E722A01EBB20073249F /* Frameworks */,
				DCCF3E732A01EBB20073249F /* Resources */,
			);
			buildRules = (
			);
			dependencies = (
				DCCF3E772A01EBB20073249F /* PBXTargetDependency */,
			);
			name = PockeMasterTests;
			productName = PockeMasterTests;
			productReference = DCCF3E752A01EBB20073249F /* PockeMasterTests.xctest */;
			productType = "com.apple.product-type.bundle.unit-test";
		};
		DCCF3E7E2A01EBB20073249F /* PockeMasterUITests */ = {
			isa = PBXNativeTarget;
			buildConfigurationList = DCCF3E8F2A01EBB20073249F /* Build configuration list for PBXNativeTarget "PockeMasterUITests" */;
			buildPhases = (
				DCCF3E7B2A01EBB20073249F /* Sources */,
				DCCF3E7C2A01EBB20073249F /* Frameworks */,
				DCCF3E7D2A01EBB20073249F /* Resources */,
			);
			buildRules = (
			);
			dependencies = (
				DCCF3E812A01EBB20073249F /* PBXTargetDependency */,
			);
			name = PockeMasterUITests;
			productName = PockeMasterUITests;
			productReference = DCCF3E7F2A01EBB20073249F /* PockeMasterUITests.xctest */;
			productType = "com.apple.product-type.bundle.ui-testing";
		};
/* End PBXNativeTarget section */

/* Begin PBXProject section */
		DCCF3E5D2A01EBB10073249F /* Project object */ = {
			isa = PBXProject;
			attributes = {
				BuildIndependentTargetsInParallel = 1;
				LastSwiftUpdateCheck = 1420;
				LastUpgradeCheck = 1420;
				TargetAttributes = {
					DCCF3E642A01EBB10073249F = {
						CreatedOnToolsVersion = 14.2;
					};
					DCCF3E742A01EBB20073249F = {
						CreatedOnToolsVersion = 14.2;
						TestTargetID = DCCF3E642A01EBB10073249F;
					};
					DCCF3E7E2A01EBB20073249F = {
						CreatedOnToolsVersion = 14.2;
						TestTargetID = DCCF3E642A01EBB10073249F;
					};
				};
			};
			buildConfigurationList = DCCF3E602A01EBB10073249F /* Build configuration list for PBXProject "PockeMaster" */;
			compatibilityVersion = "Xcode 14.0";
			developmentRegion = en;
			hasScannedForEncodings = 0;
			knownRegions = (
				en,
				Base,
			);
			mainGroup = DCCF3E5C2A01EBB10073249F;
			productRefGroup = DCCF3E662A01EBB10073249F /* Products */;
			projectDirPath = "";
			projectRoot = "";
			targets = (
				DCCF3E642A01EBB10073249F /* PockeMaster */,
				DCCF3E742A01EBB20073249F /* PockeMasterTests */,
				DCCF3E7E2A01EBB20073249F /* PockeMasterUITests */,
			);
		};
/* End PBXProject section */

/* Begin PBXResourcesBuildPhase section */
		DCCF3E632A01EBB10073249F /* Resources */ = {
			isa = PBXResourcesBuildPhase;
			buildActionMask = 2147483647;
			files = (
				DCCF3EFE2A01EBF60073249F /* pokemon-species-23.json in Resources */,
				DCCF3E702A01EBB20073249F /* Preview Assets.xcassets in Resources */,
				DCCF3F002A01EBF60073249F /* pokemon-species-3.json in Resources */,
				DCCF3EFF2A01EBF60073249F /* pokemon-species-19.json in Resources */,
				DCCF3F062A01EBF60073249F /* pokemon-species-5.json in Resources */,
				DCCF3F012A01EBF60073249F /* pokemon-species-15.json in Resources */,
				DCCF3EF02A01EBF60073249F /* pokemon-4.json in Resources */,
				DCCF3F0C2A01EBF60073249F /* pokemon-species-8.json in Resources */,
				DCCF3EDE2A01EBF60073249F /* pokemon-1.json in Resources */,
				DCCF3EEF2A01EBF60073249F /* pokemon-8.json in Resources */,
				DCCF3EE82A01EBF60073249F /* pokemon-11.json in Resources */,
				DCCF3F082A01EBF60073249F /* pokemon-species-13.json in Resources */,
				DCCF3EF52A01EBF60073249F /* pokemon-species-30.json in Resources */,
				DCCF3EF12A01EBF60073249F /* pokemon-17.json in Resources */,
				DCCF3EFA2A01EBF60073249F /* pokemon-species-17.json in Resources */,
				DCCF3EFC2A01EBF60073249F /* pokemon-species-16.json in Resources */,
				DCCF3EEB2A01EBF60073249F /* pokemon-5.json in Resources */,
				DCCF3F0D2A01EBF60073249F /* pokemon-species-12.json in Resources */,
				DCCF3EE52A01EBF60073249F /* pokemon-10.json in Resources */,
				DCCF3EDF2A01EBF60073249F /* pokemon-12.json in Resources */,
				DCCF3F072A01EBF60073249F /* pokemon-species-29.json in Resources */,
				DCCF3EEE2A01EBF60073249F /* pokemon-21.json in Resources */,
				DCCF3EEA2A01EBF60073249F /* pokemon-16.json in Resources */,
				DCCF3EF82A01EBF60073249F /* pokemon-species-10.json in Resources */,
				DCCF3EE42A01EBF60073249F /* pokemon-30.json in Resources */,
				DCCF3ED42A01EBF60073249F /* pokemon-7.json in Resources */,
				DCCF3EDB2A01EBF60073249F /* pokemon-6.json in Resources */,
				DCCF3EDA2A01EBF60073249F /* pokemon-15.json in Resources */,
				DCCF3ED92A01EBF60073249F /* pokemon-23.json in Resources */,
				DCCF3EF32A01EBF60073249F /* pokemon-species-7.json in Resources */,
				DCCF3EE62A01EBF60073249F /* pokemon-3.json in Resources */,
				DCCF3F0E2A01EBF60073249F /* pokemon-species-28.json in Resources */,
				DCCF3F052A01EBF60073249F /* pokemon-species-22.json in Resources */,
				DCCF3F0F2A01EBF60073249F /* pokemon-species-4.json in Resources */,
				DCCF3ED82A01EBF60073249F /* pokemon-19.json in Resources */,
				DCCF3EF42A01EBF60073249F /* pokemon-species-27.json in Resources */,
				DCCF3EE22A01EBF60073249F /* pokemon-25.json in Resources */,
				DCCF3EE72A01EBF60073249F /* pokemon-2.json in Resources */,
				DCCF3F0A2A01EBF60073249F /* pokemon-species-25.json in Resources */,
				DCCF3EE92A01EBF60073249F /* pokemon-27.json in Resources */,
				DCCF3EF92A01EBF60073249F /* pokemon-species-21.json in Resources */,
				DCCF3F022A01EBF60073249F /* pokemon-species-14.json in Resources */,
				DCCF3EE12A01EBF60073249F /* pokemon-29.json in Resources */,
				DCCF3F092A01EBF60073249F /* pokemon-species-9.json in Resources */,
				DCCF3EEC2A01EBF60073249F /* pokemon-9.json in Resources */,
				DCCF3EDC2A01EBF60073249F /* pokemon-24.json in Resources */,
				DCCF3EE32A01EBF60073249F /* pokemon-26.json in Resources */,
				DCCF3ED72A01EBF60073249F /* pokemon-18.json in Resources */,
				DCCF3F042A01EBF60073249F /* pokemon-species-18.json in Resources */,
				DCCF3ED52A01EBF60073249F /* pokemon-14.json in Resources */,
				DCCF3F102A01EBF60073249F /* ability-34.json in Resources */,
				DCCF3EE02A01EBF60073249F /* pokemon-13.json in Resources */,
				DCCF3EF72A01EBF60073249F /* pokemon-species-6.json in Resources */,
				DCCF3E6D2A01EBB20073249F /* Assets.xcassets in Resources */,
				DCCF3ED62A01EBF60073249F /* pokemon-22.json in Resources */,
				DCCF3F0B2A01EBF60073249F /* pokemon-species-24.json in Resources */,
				DCCF3EF62A01EBF60073249F /* pokemon-species-26.json in Resources */,
				DCCF3EF22A01EBF60073249F /* pokemon-species-11.json in Resources */,
				DCCF3F032A01EBF60073249F /* pokemon-species-2.json in Resources */,
				DCCF3EFD2A01EBF60073249F /* pokemon-species-20.json in Resources */,
				DCCF3EDD2A01EBF60073249F /* pokemon-28.json in Resources */,
				DCCF3F112A01EBF60073249F /* ability-65.json in Resources */,
				DCCF3EFB2A01EBF60073249F /* pokemon-species-1.json in Resources */,
				DCCF3EED2A01EBF60073249F /* pokemon-20.json in Resources */,
			);
			runOnlyForDeploymentPostprocessing = 0;
		};
		DCCF3E732A01EBB20073249F /* Resources */ = {
			isa = PBXResourcesBuildPhase;
			buildActionMask = 2147483647;
			files = (
			);
			runOnlyForDeploymentPostprocessing = 0;
		};
		DCCF3E7D2A01EBB20073249F /* Resources */ = {
			isa = PBXResourcesBuildPhase;
			buildActionMask = 2147483647;
			files = (
			);
			runOnlyForDeploymentPostprocessing = 0;
		};
/* End PBXResourcesBuildPhase section */

/* Begin PBXSourcesBuildPhase section */
		DCCF3E612A01EBB10073249F /* Sources */ = {
			isa = PBXSourcesBuildPhase;
			buildActionMask = 2147483647;
			files = (
				DC6927FC2A089905003C1297 /* PokemonPanelHeader.swift in Sources */,
				DC693A1E2A0A36A3003C1297 /* PokemonInfoPanelAbilityList.swift in Sources */,
				DCCF3F1B2A01EE790073249F /* Pokemon.swift in Sources */,
				DCCF3F192A01EE790073249F /* PokemonSpecies.swift in Sources */,
				DCCF3F1A2A01EE790073249F /* Language.swift in Sources */,
				DCCF3F1E2A03434B0073249F /* PokemonInfoRow.swift in Sources */,
				DC6927F82A088F3A003C1297 /* PokemonList.swift in Sources */,
				DCCF3E6B2A01EBB10073249F /* ContentView.swift in Sources */,
				DCCF3F222A0343BB0073249F /* AbilityViewModel.swift in Sources */,
				DCCF3F1C2A01EE790073249F /* Ability.swift in Sources */,
				DC6927FA2A089775003C1297 /* PokemonInfoPanel.swift in Sources */,
				DC5300752A07ABCC00B4F065 /* Helpers.swift in Sources */,
				DCCF3F212A0343BB0073249F /* PokemonViewModel.swift in Sources */,
				DC693A202A0A4B6B003C1297 /* BlurView.swift in Sources */,
				DCCF3E692A01EBB10073249F /* PockeMasterApp.swift in Sources */,
				DC5300742A07ABCC00B4F065 /* Sample.swift in Sources */,
				DC5300732A07ABCC00B4F065 /* FileHelper.swift in Sources */,
			);
			runOnlyForDeploymentPostprocessing = 0;
		};
		DCCF3E712A01EBB20073249F /* Sources */ = {
			isa = PBXSourcesBuildPhase;
			buildActionMask = 2147483647;
			files = (
				DCCF3E7A2A01EBB20073249F /* PockeMasterTests.swift in Sources */,
			);
			runOnlyForDeploymentPostprocessing = 0;
		};
		DCCF3E7B2A01EBB20073249F /* Sources */ = {
			isa = PBXSourcesBuildPhase;
			buildActionMask = 2147483647;
			files = (
				DCCF3E842A01EBB20073249F /* PockeMasterUITests.swift in Sources */,
				DCCF3E862A01EBB20073249F /* PockeMasterUITestsLaunchTests.swift in Sources */,
			);
			runOnlyForDeploymentPostprocessing = 0;
		};
/* End PBXSourcesBuildPhase section */

/* Begin PBXTargetDependency section */
		DCCF3E772A01EBB20073249F /* PBXTargetDependency */ = {
			isa = PBXTargetDependency;
			target = DCCF3E642A01EBB10073249F /* PockeMaster */;
			targetProxy = DCCF3E762A01EBB20073249F /* PBXContainerItemProxy */;
		};
		DCCF3E812A01EBB20073249F /* PBXTargetDependency */ = {
			isa = PBXTargetDependency;
			target = DCCF3E642A01EBB10073249F /* PockeMaster */;
			targetProxy = DCCF3E802A01EBB20073249F /* PBXContainerItemProxy */;
		};
/* End PBXTargetDependency section */

/* Begin XCBuildConfiguration section */
		DCCF3E872A01EBB20073249F /* Debug */ = {
			isa = XCBuildConfiguration;
			buildSettings = {
				ALWAYS_SEARCH_USER_PATHS = NO;
				CLANG_ANALYZER_NONNULL = YES;
				CLANG_ANALYZER_NUMBER_OBJECT_CONVERSION = YES_AGGRESSIVE;
				CLANG_CXX_LANGUAGE_STANDARD = "gnu++20";
				CLANG_ENABLE_MODULES = YES;
				CLANG_ENABLE_OBJC_ARC = YES;
				CLANG_ENABLE_OBJC_WEAK = YES;
				CLANG_WARN_BLOCK_CAPTURE_AUTORELEASING = YES;
				CLANG_WARN_BOOL_CONVERSION = YES;
				CLANG_WARN_COMMA = YES;
				CLANG_WARN_CONSTANT_CONVERSION = YES;
				CLANG_WARN_DEPRECATED_OBJC_IMPLEMENTATIONS = YES;
				CLANG_WARN_DIRECT_OBJC_ISA_USAGE = YES_ERROR;
				CLANG_WARN_DOCUMENTATION_COMMENTS = YES;
				CLANG_WARN_EMPTY_BODY = YES;
				CLANG_WARN_ENUM_CONVERSION = YES;
				CLANG_WARN_INFINITE_RECURSION = YES;
				CLANG_WARN_INT_CONVERSION = YES;
				CLANG_WARN_NON_LITERAL_NULL_CONVERSION = YES;
				CLANG_WARN_OBJC_IMPLICIT_RETAIN_SELF = YES;
				CLANG_WARN_OBJC_LITERAL_CONVERSION = YES;
				CLANG_WARN_OBJC_ROOT_CLASS = YES_ERROR;
				CLANG_WARN_QUOTED_INCLUDE_IN_FRAMEWORK_HEADER = YES;
				CLANG_WARN_RANGE_LOOP_ANALYSIS = YES;
				CLANG_WARN_STRICT_PROTOTYPES = YES;
				CLANG_WARN_SUSPICIOUS_MOVE = YES;
				CLANG_WARN_UNGUARDED_AVAILABILITY = YES_AGGRESSIVE;
				CLANG_WARN_UNREACHABLE_CODE = YES;
				CLANG_WARN__DUPLICATE_METHOD_MATCH = YES;
				COPY_PHASE_STRIP = NO;
				DEBUG_INFORMATION_FORMAT = dwarf;
				ENABLE_STRICT_OBJC_MSGSEND = YES;
				ENABLE_TESTABILITY = YES;
				GCC_C_LANGUAGE_STANDARD = gnu11;
				GCC_DYNAMIC_NO_PIC = NO;
				GCC_NO_COMMON_BLOCKS = YES;
				GCC_OPTIMIZATION_LEVEL = 0;
				GCC_PREPROCESSOR_DEFINITIONS = (
					"DEBUG=1",
					"$(inherited)",
				);
				GCC_WARN_64_TO_32_BIT_CONVERSION = YES;
				GCC_WARN_ABOUT_RETURN_TYPE = YES_ERROR;
				GCC_WARN_UNDECLARED_SELECTOR = YES;
				GCC_WARN_UNINITIALIZED_AUTOS = YES_AGGRESSIVE;
				GCC_WARN_UNUSED_FUNCTION = YES;
				GCC_WARN_UNUSED_VARIABLE = YES;
				IPHONEOS_DEPLOYMENT_TARGET = 16.2;
				MTL_ENABLE_DEBUG_INFO = INCLUDE_SOURCE;
				MTL_FAST_MATH = YES;
				ONLY_ACTIVE_ARCH = YES;
				SDKROOT = iphoneos;
				SWIFT_ACTIVE_COMPILATION_CONDITIONS = DEBUG;
				SWIFT_OPTIMIZATION_LEVEL = "-Onone";
			};
			name = Debug;
		};
		DCCF3E882A01EBB20073249F /* Release */ = {
			isa = XCBuildConfiguration;
			buildSettings = {
				ALWAYS_SEARCH_USER_PATHS = NO;
				CLANG_ANALYZER_NONNULL = YES;
				CLANG_ANALYZER_NUMBER_OBJECT_CONVERSION = YES_AGGRESSIVE;
				CLANG_CXX_LANGUAGE_STANDARD = "gnu++20";
				CLANG_ENABLE_MODULES = YES;
				CLANG_ENABLE_OBJC_ARC = YES;
				CLANG_ENABLE_OBJC_WEAK = YES;
				CLANG_WARN_BLOCK_CAPTURE_AUTORELEASING = YES;
				CLANG_WARN_BOOL_CONVERSION = YES;
				CLANG_WARN_COMMA = YES;
				CLANG_WARN_CONSTANT_CONVERSION = YES;
				CLANG_WARN_DEPRECATED_OBJC_IMPLEMENTATIONS = YES;
				CLANG_WARN_DIRECT_OBJC_ISA_USAGE = YES_ERROR;
				CLANG_WARN_DOCUMENTATION_COMMENTS = YES;
				CLANG_WARN_EMPTY_BODY = YES;
				CLANG_WARN_ENUM_CONVERSION = YES;
				CLANG_WARN_INFINITE_RECURSION = YES;
				CLANG_WARN_INT_CONVERSION = YES;
				CLANG_WARN_NON_LITERAL_NULL_CONVERSION = YES;
				CLANG_WARN_OBJC_IMPLICIT_RETAIN_SELF = YES;
				CLANG_WARN_OBJC_LITERAL_CONVERSION = YES;
				CLANG_WARN_OBJC_ROOT_CLASS = YES_ERROR;
				CLANG_WARN_QUOTED_INCLUDE_IN_FRAMEWORK_HEADER = YES;
				CLANG_WARN_RANGE_LOOP_ANALYSIS = YES;
				CLANG_WARN_STRICT_PROTOTYPES = YES;
				CLANG_WARN_SUSPICIOUS_MOVE = YES;
				CLANG_WARN_UNGUARDED_AVAILABILITY = YES_AGGRESSIVE;
				CLANG_WARN_UNREACHABLE_CODE = YES;
				CLANG_WARN__DUPLICATE_METHOD_MATCH = YES;
				COPY_PHASE_STRIP = NO;
				DEBUG_INFORMATION_FORMAT = "dwarf-with-dsym";
				ENABLE_NS_ASSERTIONS = NO;
				ENABLE_STRICT_OBJC_MSGSEND = YES;
				GCC_C_LANGUAGE_STANDARD = gnu11;
				GCC_NO_COMMON_BLOCKS = YES;
				GCC_WARN_64_TO_32_BIT_CONVERSION = YES;
				GCC_WARN_ABOUT_RETURN_TYPE = YES_ERROR;
				GCC_WARN_UNDECLARED_SELECTOR = YES;
				GCC_WARN_UNINITIALIZED_AUTOS = YES_AGGRESSIVE;
				GCC_WARN_UNUSED_FUNCTION = YES;
				GCC_WARN_UNUSED_VARIABLE = YES;
				IPHONEOS_DEPLOYMENT_TARGET = 16.2;
				MTL_ENABLE_DEBUG_INFO = NO;
				MTL_FAST_MATH = YES;
				SDKROOT = iphoneos;
				SWIFT_COMPILATION_MODE = wholemodule;
				SWIFT_OPTIMIZATION_LEVEL = "-O";
				VALIDATE_PRODUCT = YES;
			};
			name = Release;
		};
		DCCF3E8A2A01EBB20073249F /* Debug */ = {
			isa = XCBuildConfiguration;
			buildSettings = {
				ASSETCATALOG_COMPILER_APPICON_NAME = AppIcon;
				ASSETCATALOG_COMPILER_GLOBAL_ACCENT_COLOR_NAME = AccentColor;
				CODE_SIGN_STYLE = Automatic;
				CURRENT_PROJECT_VERSION = 1;
				DEVELOPMENT_ASSET_PATHS = "\"PockeMaster/Preview Content\"";
				ENABLE_PREVIEWS = YES;
				GENERATE_INFOPLIST_FILE = YES;
				INFOPLIST_KEY_UIApplicationSceneManifest_Generation = YES;
				INFOPLIST_KEY_UIApplicationSupportsIndirectInputEvents = YES;
				INFOPLIST_KEY_UILaunchScreen_Generation = YES;
				INFOPLIST_KEY_UISupportedInterfaceOrientations_iPad = "UIInterfaceOrientationPortrait UIInterfaceOrientationPortraitUpsideDown UIInterfaceOrientationLandscapeLeft UIInterfaceOrientationLandscapeRight";
				INFOPLIST_KEY_UISupportedInterfaceOrientations_iPhone = "UIInterfaceOrientationPortrait UIInterfaceOrientationLandscapeLeft UIInterfaceOrientationLandscapeRight";
				LD_RUNPATH_SEARCH_PATHS = (
					"$(inherited)",
					"@executable_path/Frameworks",
				);
				MARKETING_VERSION = 1.0;
				PRODUCT_BUNDLE_IDENTIFIER = com.demo.function.pockemaster.PockeMaster;
				PRODUCT_NAME = "$(TARGET_NAME)";
				SWIFT_EMIT_LOC_STRINGS = YES;
				SWIFT_VERSION = 5.0;
				TARGETED_DEVICE_FAMILY = "1,2";
			};
			name = Debug;
		};
		DCCF3E8B2A01EBB20073249F /* Release */ = {
			isa = XCBuildConfiguration;
			buildSettings = {
				ASSETCATALOG_COMPILER_APPICON_NAME = AppIcon;
				ASSETCATALOG_COMPILER_GLOBAL_ACCENT_COLOR_NAME = AccentColor;
				CODE_SIGN_STYLE = Automatic;
				CURRENT_PROJECT_VERSION = 1;
				DEVELOPMENT_ASSET_PATHS = "\"PockeMaster/Preview Content\"";
				ENABLE_PREVIEWS = YES;
				GENERATE_INFOPLIST_FILE = YES;
				INFOPLIST_KEY_UIApplicationSceneManifest_Generation = YES;
				INFOPLIST_KEY_UIApplicationSupportsIndirectInputEvents = YES;
				INFOPLIST_KEY_UILaunchScreen_Generation = YES;
				INFOPLIST_KEY_UISupportedInterfaceOrientations_iPad = "UIInterfaceOrientationPortrait UIInterfaceOrientationPortraitUpsideDown UIInterfaceOrientationLandscapeLeft UIInterfaceOrientationLandscapeRight";
				INFOPLIST_KEY_UISupportedInterfaceOrientations_iPhone = "UIInterfaceOrientationPortrait UIInterfaceOrientationLandscapeLeft UIInterfaceOrientationLandscapeRight";
				LD_RUNPATH_SEARCH_PATHS = (
					"$(inherited)",
					"@executable_path/Frameworks",
				);
				MARKETING_VERSION = 1.0;
				PRODUCT_BUNDLE_IDENTIFIER = com.demo.function.pockemaster.PockeMaster;
				PRODUCT_NAME = "$(TARGET_NAME)";
				SWIFT_EMIT_LOC_STRINGS = YES;
				SWIFT_VERSION = 5.0;
				TARGETED_DEVICE_FAMILY = "1,2";
			};
			name = Release;
		};
		DCCF3E8D2A01EBB20073249F /* Debug */ = {
			isa = XCBuildConfiguration;
			buildSettings = {
				ALWAYS_EMBED_SWIFT_STANDARD_LIBRARIES = YES;
				BUNDLE_LOADER = "$(TEST_HOST)";
				CODE_SIGN_STYLE = Automatic;
				CURRENT_PROJECT_VERSION = 1;
				GENERATE_INFOPLIST_FILE = YES;
				IPHONEOS_DEPLOYMENT_TARGET = 16.2;
				MARKETING_VERSION = 1.0;
				PRODUCT_BUNDLE_IDENTIFIER = com.demo.function.pockemaster.PockeMasterTests;
				PRODUCT_NAME = "$(TARGET_NAME)";
				SWIFT_EMIT_LOC_STRINGS = NO;
				SWIFT_VERSION = 5.0;
				TARGETED_DEVICE_FAMILY = "1,2";
				TEST_HOST = "$(BUILT_PRODUCTS_DIR)/PockeMaster.app/$(BUNDLE_EXECUTABLE_FOLDER_PATH)/PockeMaster";
			};
			name = Debug;
		};
		DCCF3E8E2A01EBB20073249F /* Release */ = {
			isa = XCBuildConfiguration;
			buildSettings = {
				ALWAYS_EMBED_SWIFT_STANDARD_LIBRARIES = YES;
				BUNDLE_LOADER = "$(TEST_HOST)";
				CODE_SIGN_STYLE = Automatic;
				CURRENT_PROJECT_VERSION = 1;
				GENERATE_INFOPLIST_FILE = YES;
				IPHONEOS_DEPLOYMENT_TARGET = 16.2;
				MARKETING_VERSION = 1.0;
				PRODUCT_BUNDLE_IDENTIFIER = com.demo.function.pockemaster.PockeMasterTests;
				PRODUCT_NAME = "$(TARGET_NAME)";
				SWIFT_EMIT_LOC_STRINGS = NO;
				SWIFT_VERSION = 5.0;
				TARGETED_DEVICE_FAMILY = "1,2";
				TEST_HOST = "$(BUILT_PRODUCTS_DIR)/PockeMaster.app/$(BUNDLE_EXECUTABLE_FOLDER_PATH)/PockeMaster";
			};
			name = Release;
		};
		DCCF3E902A01EBB20073249F /* Debug */ = {
			isa = XCBuildConfiguration;
			buildSettings = {
				ALWAYS_EMBED_SWIFT_STANDARD_LIBRARIES = YES;
				CODE_SIGN_STYLE = Automatic;
				CURRENT_PROJECT_VERSION = 1;
				GENERATE_INFOPLIST_FILE = YES;
				MARKETING_VERSION = 1.0;
				PRODUCT_BUNDLE_IDENTIFIER = com.demo.function.pockemaster.PockeMasterUITests;
				PRODUCT_NAME = "$(TARGET_NAME)";
				SWIFT_EMIT_LOC_STRINGS = NO;
				SWIFT_VERSION = 5.0;
				TARGETED_DEVICE_FAMILY = "1,2";
				TEST_TARGET_NAME = PockeMaster;
			};
			name = Debug;
		};
		DCCF3E912A01EBB20073249F /* Release */ = {
			isa = XCBuildConfiguration;
			buildSettings = {
				ALWAYS_EMBED_SWIFT_STANDARD_LIBRARIES = YES;
				CODE_SIGN_STYLE = Automatic;
				CURRENT_PROJECT_VERSION = 1;
				GENERATE_INFOPLIST_FILE = YES;
				MARKETING_VERSION = 1.0;
				PRODUCT_BUNDLE_IDENTIFIER = com.demo.function.pockemaster.PockeMasterUITests;
				PRODUCT_NAME = "$(TARGET_NAME)";
				SWIFT_EMIT_LOC_STRINGS = NO;
				SWIFT_VERSION = 5.0;
				TARGETED_DEVICE_FAMILY = "1,2";
				TEST_TARGET_NAME = PockeMaster;
			};
			name = Release;
		};
/* End XCBuildConfiguration section */

/* Begin XCConfigurationList section */
		DCCF3E602A01EBB10073249F /* Build configuration list for PBXProject "PockeMaster" */ = {
			isa = XCConfigurationList;
			buildConfigurations = (
				DCCF3E872A01EBB20073249F /* Debug */,
				DCCF3E882A01EBB20073249F /* Release */,
			);
			defaultConfigurationIsVisible = 0;
			defaultConfigurationName = Release;
		};
		DCCF3E892A01EBB20073249F /* Build configuration list for PBXNativeTarget "PockeMaster" */ = {
			isa = XCConfigurationList;
			buildConfigurations = (
				DCCF3E8A2A01EBB20073249F /* Debug */,
				DCCF3E8B2A01EBB20073249F /* Release */,
			);
			defaultConfigurationIsVisible = 0;
			defaultConfigurationName = Release;
		};
		DCCF3E8C2A01EBB20073249F /* Build configuration list for PBXNativeTarget "PockeMasterTests" */ = {
			isa = XCConfigurationList;
			buildConfigurations = (
				DCCF3E8D2A01EBB20073249F /* Debug */,
				DCCF3E8E2A01EBB20073249F /* Release */,
			);
			defaultConfigurationIsVisible = 0;
			defaultConfigurationName = Release;
		};
		DCCF3E8F2A01EBB20073249F /* Build configuration list for PBXNativeTarget "PockeMasterUITests" */ = {
			isa = XCConfigurationList;
			buildConfigurations = (
				DCCF3E902A01EBB20073249F /* Debug */,
				DCCF3E912A01EBB20073249F /* Release */,
			);
			defaultConfigurationIsVisible = 0;
			defaultConfigurationName = Release;
		};
/* End XCConfigurationList section */
	};
	rootObject = DCCF3E5D2A01EBB10073249F /* Project object */;
}
